
Microsoft Visual Studio Solution File, Format Version 12.00
# Visual Studio Version 17
VisualStudioVersion = 17.4.33205.214
MinimumVisualStudioVersion = 10.0.40219.1
Project("{FAE04EC0-301F-11D3-BF4B-00C04F79EFBC}") = "Homework 1 Candidate", "Homework 1 Candidate.csproj", "{3D7DB86B-D13E-4830-8330-191C0922C64C}"
EndProject
Global
	GlobalSection(SolutionConfigurationPlatforms) = preSolution
		Debug|Any CPU = Debug|Any CPU
		Release|Any CPU = Release|Any CPU
	EndGlobalSection
	GlobalSection(ProjectConfigurationPlatforms) = postSolution
		{3D7DB86B-D13E-4830-8330-191C0922C64C}.Debug|Any CPU.ActiveCfg = Debug|Any CPU
		{3D7DB86B-D13E-4830-8330-191C0922C64C}.Debug|Any CPU.Build.0 = Debug|Any CPU
		{3D7DB86B-D13E-4830-8330-191C0922C64C}.Release|Any CPU.ActiveCfg = Release|Any CPU
		{3D7DB86B-D13E-4830-8330-191C0922C64C}.Release|Any CPU.Build.0 = Release|Any CPU
	EndGlobalSection
	GlobalSection(SolutionProperties) = preSolution
		HideSolutionNode = FALSE
	EndGlobalSection
	GlobalSection(ExtensibilityGlobals) = postSolution
		SolutionGuid = {A0B29817-8056-4023-9CF2-16AC9362DA5C}
	EndGlobalSection
EndGlobal
